
Microsoft Visual Studio Solution File, Format Version 12.00
# Visual Studio 2012
Project("{FAE04EC0-301F-11D3-BF4B-00C04F79EFBC}") = "TcpStudy", "TcpStudy\TcpStudy.csproj", "{9C9841D4-4CA9-4C5D-8D83-D925BE46EEDE}"
EndProject
Project("{FAE04EC0-301F-11D3-BF4B-00C04F79EFBC}") = "TcpStudy_Client", "TcpStudy_Client\TcpStudy_Client.csproj", "{D1A3BB9B-FE5E-4FDB-BFEF-2EE8FCA02F47}"
EndProject
Global
	GlobalSection(SolutionConfigurationPlatforms) = preSolution
		Debug|Any CPU = Debug|Any CPU
		Release|Any CPU = Release|Any CPU
	EndGlobalSection
	GlobalSection(ProjectConfigurationPlatforms) = postSolution
		{9C9841D4-4CA9-4C5D-8D83-D925BE46EEDE}.Debug|Any CPU.ActiveCfg = Debug|Any CPU
		{9C9841D4-4CA9-4C5D-8D83-D925BE46EEDE}.Debug|Any CPU.Build.0 = Debug|Any CPU
		{9C9841D4-4CA9-4C5D-8D83-D925BE46EEDE}.Release|Any CPU.ActiveCfg = Release|Any CPU
		{9C9841D4-4CA9-4C5D-8D83-D925BE46EEDE}.Release|Any CPU.Build.0 = Release|Any CPU
		{D1A3BB9B-FE5E-4FDB-BFEF-2EE8FCA02F47}.Debug|Any CPU.ActiveCfg = Debug|Any CPU
		{D1A3BB9B-FE5E-4FDB-BFEF-2EE8FCA02F47}.Debug|Any CPU.Build.0 = Debug|Any CPU
		{D1A3BB9B-FE5E-4FDB-BFEF-2EE8FCA02F47}.Release|Any CPU.ActiveCfg = Release|Any CPU
		{D1A3BB9B-FE5E-4FDB-BFEF-2EE8FCA02F47}.Release|Any CPU.Build.0 = Release|Any CPU
	EndGlobalSection
	GlobalSection(SolutionProperties) = preSolution
		HideSolutionNode = FALSE
	EndGlobalSection
EndGlobal
